
Microsoft Visual Studio Solution File, Format Version 12.00
# Visual Studio Version 17
VisualStudioVersion = 17.4.33205.214
MinimumVisualStudioVersion = 10.0.40219.1
Project("{8BC9CEB8-8B4A-11D0-8D11-00A0C91BC942}") = "Project3", "Project3.vcxproj", "{D8095F04-753B-41D9-B505-635BC963C718}"
EndProject
Global
	GlobalSection(SolutionConfigurationPlatforms) = preSolution
		Debug|x64 = Debug|x64
		Debug|x86 = Debug|x86
		Release|x64 = Release|x64
		Release|x86 = Release|x86
	EndGlobalSection
	GlobalSection(ProjectConfigurationPlatforms) = postSolution
		{D8095F04-753B-41D9-B505-635BC963C718}.Debug|x64.ActiveCfg = Debug|x64
		{D8095F04-753B-41D9-B505-635BC963C718}.Debug|x64.Build.0 = Debug|x64
		{D8095F04-753B-41D9-B505-635BC963C718}.Debug|x86.ActiveCfg = Debug|Win32
		{D8095F04-753B-41D9-B505-635BC963C718}.Debug|x86.Build.0 = Debug|Win32
		{D8095F04-753B-41D9-B505-635BC963C718}.Release|x64.ActiveCfg = Release|x64
		{D8095F04-753B-41D9-B505-635BC963C718}.Release|x64.Build.0 = Release|x64
		{D8095F04-753B-41D9-B505-635BC963C718}.Release|x86.ActiveCfg = Release|Win32
		{D8095F04-753B-41D9-B505-635BC963C718}.Release|x86.Build.0 = Release|Win32
	EndGlobalSection
	GlobalSection(SolutionProperties) = preSolution
		HideSolutionNode = FALSE
	EndGlobalSection
	GlobalSection(ExtensibilityGlobals) = postSolution
		SolutionGuid = {0E757788-D7D7-4566-9ABA-4DA8AB591487}
	EndGlobalSection
EndGlobal
